
Microsoft Visual Studio Solution File, Format Version 12.00
# Visual Studio 15
VisualStudioVersion = 15.0.28307.902
MinimumVisualStudioVersion = 10.0.40219.1
Project("{FAE04EC0-301F-11D3-BF4B-00C04F79EFBC}") = "SalesWebMVC2", "SalesWebMVC2\SalesWebMVC2.csproj", "{FC10942D-3B00-43A8-A593-DFEA1F88B42D}"
EndProject
Global
	GlobalSection(SolutionConfigurationPlatforms) = preSolution
		Debug|Any CPU = Debug|Any CPU
		Release|Any CPU = Release|Any CPU
	EndGlobalSection
	GlobalSection(ProjectConfigurationPlatforms) = postSolution
		{FC10942D-3B00-43A8-A593-DFEA1F88B42D}.Debug|Any CPU.ActiveCfg = Debug|Any CPU
		{FC10942D-3B00-43A8-A593-DFEA1F88B42D}.Debug|Any CPU.Build.0 = Debug|Any CPU
		{FC10942D-3B00-43A8-A593-DFEA1F88B42D}.Release|Any CPU.ActiveCfg = Release|Any CPU
		{FC10942D-3B00-43A8-A593-DFEA1F88B42D}.Release|Any CPU.Build.0 = Release|Any CPU
	EndGlobalSection
	GlobalSection(SolutionProperties) = preSolution
		HideSolutionNode = FALSE
	EndGlobalSection
	GlobalSection(ExtensibilityGlobals) = postSolution
		SolutionGuid = {21FD1547-5971-4B38-A36C-FE96D598E257}
	EndGlobalSection
EndGlobal
